
Microsoft Visual Studio Solution File, Format Version 12.00
# Visual Studio Version 17
VisualStudioVersion = 17.9.34723.18
MinimumVisualStudioVersion = 10.0.40219.1
Project("{9A19103F-16F7-4668-BE54-9A1E7A4F7556}") = "ScaffoldViewsControllersAspNetCoreMVC", "ScaffoldViewsControllersAspNetCoreMVC\ScaffoldViewsControllersAspNetCoreMVC.csproj", "{8DC8D1D1-DC12-42D7-9E91-E97AF2F2C40D}"
EndProject
Global
	GlobalSection(SolutionConfigurationPlatforms) = preSolution
		Debug|Any CPU = Debug|Any CPU
		Release|Any CPU = Release|Any CPU
	EndGlobalSection
	GlobalSection(ProjectConfigurationPlatforms) = postSolution
		{8DC8D1D1-DC12-42D7-9E91-E97AF2F2C40D}.Debug|Any CPU.ActiveCfg = Debug|Any CPU
		{8DC8D1D1-DC12-42D7-9E91-E97AF2F2C40D}.Debug|Any CPU.Build.0 = Debug|Any CPU
		{8DC8D1D1-DC12-42D7-9E91-E97AF2F2C40D}.Release|Any CPU.ActiveCfg = Release|Any CPU
		{8DC8D1D1-DC12-42D7-9E91-E97AF2F2C40D}.Release|Any CPU.Build.0 = Release|Any CPU
	EndGlobalSection
	GlobalSection(SolutionProperties) = preSolution
		HideSolutionNode = FALSE
	EndGlobalSection
	GlobalSection(ExtensibilityGlobals) = postSolution
		SolutionGuid = {E105E443-99EF-4BFD-A524-477A45CCFCAC}
	EndGlobalSection
EndGlobal
